
Microsoft Visual Studio Solution File, Format Version 12.00
# Visual Studio Version 17
VisualStudioVersion = 17.8.34316.72
MinimumVisualStudioVersion = 10.0.40219.1
Project("{8BC9CEB8-8B4A-11D0-8D11-00A0C91BC942}") = "T1", "T1.vcxproj", "{2D8CF58D-81DE-4921-B775-2424E83F1B45}"
EndProject
Global
	GlobalSection(SolutionConfigurationPlatforms) = preSolution
		Debug|x64 = Debug|x64
		Debug|x86 = Debug|x86
		Release|x64 = Release|x64
		Release|x86 = Release|x86
	EndGlobalSection
	GlobalSection(ProjectConfigurationPlatforms) = postSolution
		{2D8CF58D-81DE-4921-B775-2424E83F1B45}.Debug|x64.ActiveCfg = Debug|x64
		{2D8CF58D-81DE-4921-B775-2424E83F1B45}.Debug|x64.Build.0 = Debug|x64
		{2D8CF58D-81DE-4921-B775-2424E83F1B45}.Debug|x86.ActiveCfg = Debug|Win32
		{2D8CF58D-81DE-4921-B775-2424E83F1B45}.Debug|x86.Build.0 = Debug|Win32
		{2D8CF58D-81DE-4921-B775-2424E83F1B45}.Release|x64.ActiveCfg = Release|x64
		{2D8CF58D-81DE-4921-B775-2424E83F1B45}.Release|x64.Build.0 = Release|x64
		{2D8CF58D-81DE-4921-B775-2424E83F1B45}.Release|x86.ActiveCfg = Release|Win32
		{2D8CF58D-81DE-4921-B775-2424E83F1B45}.Release|x86.Build.0 = Release|Win32
	EndGlobalSection
	GlobalSection(SolutionProperties) = preSolution
		HideSolutionNode = FALSE
	EndGlobalSection
	GlobalSection(ExtensibilityGlobals) = postSolution
		SolutionGuid = {0C640309-7DB2-4FBD-8E1B-8E14E8852DD4}
	EndGlobalSection
EndGlobal
